
Microsoft Visual Studio Solution File, Format Version 12.00
# Visual Studio 2013
VisualStudioVersion = 12.0.31101.0
MinimumVisualStudioVersion = 10.0.40219.1
Project("{FAE04EC0-301F-11D3-BF4B-00C04F79EFBC}") = "TheGamesDBAPI", "TheGamesDBAPI\TheGamesDBAPI.csproj", "{C2C54A91-76F0-45A4-8DEC-DC771FFF371D}"
EndProject
Project("{FAE04EC0-301F-11D3-BF4B-00C04F79EFBC}") = "ExampleApplication", "ExampleApplication\ExampleApplication.csproj", "{ADACC499-2854-4E0C-9977-0F8FF9F1B4F8}"
	ProjectSection(ProjectDependencies) = postProject
		{C2C54A91-76F0-45A4-8DEC-DC771FFF371D} = {C2C54A91-76F0-45A4-8DEC-DC771FFF371D}
	EndProjectSection
EndProject
Global
	GlobalSection(SolutionConfigurationPlatforms) = preSolution
		Debug|Any CPU = Debug|Any CPU
		Debug|Mixed Platforms = Debug|Mixed Platforms
		Debug|x86 = Debug|x86
		Release|Any CPU = Release|Any CPU
		Release|Mixed Platforms = Release|Mixed Platforms
		Release|x86 = Release|x86
	EndGlobalSection
	GlobalSection(ProjectConfigurationPlatforms) = postSolution
		{C2C54A91-76F0-45A4-8DEC-DC771FFF371D}.Debug|Any CPU.ActiveCfg = Debug|Any CPU
		{C2C54A91-76F0-45A4-8DEC-DC771FFF371D}.Debug|Any CPU.Build.0 = Debug|Any CPU
		{C2C54A91-76F0-45A4-8DEC-DC771FFF371D}.Debug|Mixed Platforms.ActiveCfg = Debug|Any CPU
		{C2C54A91-76F0-45A4-8DEC-DC771FFF371D}.Debug|Mixed Platforms.Build.0 = Debug|Any CPU
		{C2C54A91-76F0-45A4-8DEC-DC771FFF371D}.Debug|x86.ActiveCfg = Debug|Any CPU
		{C2C54A91-76F0-45A4-8DEC-DC771FFF371D}.Release|Any CPU.ActiveCfg = Release|Any CPU
		{C2C54A91-76F0-45A4-8DEC-DC771FFF371D}.Release|Any CPU.Build.0 = Release|Any CPU
		{C2C54A91-76F0-45A4-8DEC-DC771FFF371D}.Release|Mixed Platforms.ActiveCfg = Release|Any CPU
		{C2C54A91-76F0-45A4-8DEC-DC771FFF371D}.Release|Mixed Platforms.Build.0 = Release|Any CPU
		{C2C54A91-76F0-45A4-8DEC-DC771FFF371D}.Release|x86.ActiveCfg = Release|Any CPU
		{ADACC499-2854-4E0C-9977-0F8FF9F1B4F8}.Debug|Any CPU.ActiveCfg = Debug|x86
		{ADACC499-2854-4E0C-9977-0F8FF9F1B4F8}.Debug|Mixed Platforms.ActiveCfg = Debug|x86
		{ADACC499-2854-4E0C-9977-0F8FF9F1B4F8}.Debug|Mixed Platforms.Build.0 = Debug|x86
		{ADACC499-2854-4E0C-9977-0F8FF9F1B4F8}.Debug|x86.ActiveCfg = Debug|x86
		{ADACC499-2854-4E0C-9977-0F8FF9F1B4F8}.Debug|x86.Build.0 = Debug|x86
		{ADACC499-2854-4E0C-9977-0F8FF9F1B4F8}.Release|Any CPU.ActiveCfg = Release|x86
		{ADACC499-2854-4E0C-9977-0F8FF9F1B4F8}.Release|Mixed Platforms.ActiveCfg = Release|x86
		{ADACC499-2854-4E0C-9977-0F8FF9F1B4F8}.Release|Mixed Platforms.Build.0 = Release|x86
		{ADACC499-2854-4E0C-9977-0F8FF9F1B4F8}.Release|x86.ActiveCfg = Release|x86
		{ADACC499-2854-4E0C-9977-0F8FF9F1B4F8}.Release|x86.Build.0 = Release|x86
	EndGlobalSection
	GlobalSection(SolutionProperties) = preSolution
		HideSolutionNode = FALSE
	EndGlobalSection
EndGlobal
