
Microsoft Visual Studio Solution File, Format Version 12.00
# Visual Studio 14
VisualStudioVersion = 14.0.25420.1
MinimumVisualStudioVersion = 10.0.40219.1
Project("{FAE04EC0-301F-11D3-BF4B-00C04F79EFBC}") = "MedLaunch", "MedLaunch\MedLaunch.csproj", "{6B1B4A85-5A13-4A5D-B551-1AC97CC53D38}"
EndProject
Project("{FAE04EC0-301F-11D3-BF4B-00C04F79EFBC}") = "Asnitech.Launch.Common", "Asnitech.Launch.Common\Asnitech.Launch.Common.csproj", "{2E332847-6DF3-4BF4-92C2-42A5C6359CC1}"
EndProject
Project("{2150E333-8FDC-42A3-9474-1A3956D46DE8}") = "Solution Items", "Solution Items", "{828C683F-F4EF-436D-8EB8-9186AF653289}"
	ProjectSection(SolutionItems) = preProject
		README.md = README.md
	EndProjectSection
EndProject
Global
	GlobalSection(SolutionConfigurationPlatforms) = preSolution
		Debug|Any CPU = Debug|Any CPU
		Release|Any CPU = Release|Any CPU
	EndGlobalSection
	GlobalSection(ProjectConfigurationPlatforms) = postSolution
		{6B1B4A85-5A13-4A5D-B551-1AC97CC53D38}.Debug|Any CPU.ActiveCfg = Debug|Any CPU
		{6B1B4A85-5A13-4A5D-B551-1AC97CC53D38}.Debug|Any CPU.Build.0 = Debug|Any CPU
		{6B1B4A85-5A13-4A5D-B551-1AC97CC53D38}.Release|Any CPU.ActiveCfg = Release|Any CPU
		{6B1B4A85-5A13-4A5D-B551-1AC97CC53D38}.Release|Any CPU.Build.0 = Release|Any CPU
		{2E332847-6DF3-4BF4-92C2-42A5C6359CC1}.Debug|Any CPU.ActiveCfg = Debug|Any CPU
		{2E332847-6DF3-4BF4-92C2-42A5C6359CC1}.Debug|Any CPU.Build.0 = Debug|Any CPU
		{2E332847-6DF3-4BF4-92C2-42A5C6359CC1}.Release|Any CPU.ActiveCfg = Release|Any CPU
		{2E332847-6DF3-4BF4-92C2-42A5C6359CC1}.Release|Any CPU.Build.0 = Release|Any CPU
	EndGlobalSection
	GlobalSection(SolutionProperties) = preSolution
		HideSolutionNode = FALSE
	EndGlobalSection
EndGlobal
