
Microsoft Visual Studio Solution File, Format Version 12.00
# Visual Studio 14
VisualStudioVersion = 14.0.25420.1
MinimumVisualStudioVersion = 10.0.40219.1
Project("{FAE04EC0-301F-11D3-BF4B-00C04F79EFBC}") = "MedLaunch", "MedLaunch\MedLaunch.csproj", "{6B1B4A85-5A13-4A5D-B551-1AC97CC53D38}"
	ProjectSection(ProjectDependencies) = postProject
		{32EEAB9C-791A-4303-A675-A43324C35154} = {32EEAB9C-791A-4303-A675-A43324C35154}
	EndProjectSection
EndProject
Project("{2150E333-8FDC-42A3-9474-1A3956D46DE8}") = "Solution Items", "Solution Items", "{828C683F-F4EF-436D-8EB8-9186AF653289}"
	ProjectSection(SolutionItems) = preProject
		appveyor.yml = appveyor.yml
		ForceRepoLang.cs = ForceRepoLang.cs
		ForceRepoLang2.cs = ForceRepoLang2.cs
		LICENSE = LICENSE
		README.md = README.md
	EndProjectSection
EndProject
Project("{FAE04EC0-301F-11D3-BF4B-00C04F79EFBC}") = "Updater", "Updater\Updater.csproj", "{554A0A91-F3CD-4800-8A19-1575FB1CA8D1}"
EndProject
Project("{FAE04EC0-301F-11D3-BF4B-00C04F79EFBC}") = "ucon64-wrapper", "ucon64-wrapper\ucon64-wrapper.csproj", "{32EEAB9C-791A-4303-A675-A43324C35154}"
EndProject
Project("{FAE04EC0-301F-11D3-BF4B-00C04F79EFBC}") = "MiscTesting", "MiscTesting\MiscTesting.csproj", "{1F455AB4-0B8B-42E4-85F1-29984CB2C867}"
EndProject
Project("{FAE04EC0-301F-11D3-BF4B-00C04F79EFBC}") = "MedLaunch.Common", "MedLaunch.Common\MedLaunch.Common.csproj", "{376FD53C-1F78-40ED-AE4B-5FD0FA1A1CB4}"
EndProject
Global
	GlobalSection(SolutionConfigurationPlatforms) = preSolution
		Debug|Any CPU = Debug|Any CPU
		Debug|x64 = Debug|x64
		Debug|x86 = Debug|x86
		Release|Any CPU = Release|Any CPU
		Release|x64 = Release|x64
		Release|x86 = Release|x86
	EndGlobalSection
	GlobalSection(ProjectConfigurationPlatforms) = postSolution
		{6B1B4A85-5A13-4A5D-B551-1AC97CC53D38}.Debug|Any CPU.ActiveCfg = Debug|Any CPU
		{6B1B4A85-5A13-4A5D-B551-1AC97CC53D38}.Debug|Any CPU.Build.0 = Debug|Any CPU
		{6B1B4A85-5A13-4A5D-B551-1AC97CC53D38}.Debug|x64.ActiveCfg = Debug|Any CPU
		{6B1B4A85-5A13-4A5D-B551-1AC97CC53D38}.Debug|x64.Build.0 = Debug|Any CPU
		{6B1B4A85-5A13-4A5D-B551-1AC97CC53D38}.Debug|x86.ActiveCfg = Debug|x86
		{6B1B4A85-5A13-4A5D-B551-1AC97CC53D38}.Debug|x86.Build.0 = Debug|x86
		{6B1B4A85-5A13-4A5D-B551-1AC97CC53D38}.Release|Any CPU.ActiveCfg = Release|Any CPU
		{6B1B4A85-5A13-4A5D-B551-1AC97CC53D38}.Release|Any CPU.Build.0 = Release|Any CPU
		{6B1B4A85-5A13-4A5D-B551-1AC97CC53D38}.Release|x64.ActiveCfg = Release|Any CPU
		{6B1B4A85-5A13-4A5D-B551-1AC97CC53D38}.Release|x64.Build.0 = Release|Any CPU
		{6B1B4A85-5A13-4A5D-B551-1AC97CC53D38}.Release|x86.ActiveCfg = Release|x86
		{6B1B4A85-5A13-4A5D-B551-1AC97CC53D38}.Release|x86.Build.0 = Release|x86
		{554A0A91-F3CD-4800-8A19-1575FB1CA8D1}.Debug|Any CPU.ActiveCfg = Debug|Any CPU
		{554A0A91-F3CD-4800-8A19-1575FB1CA8D1}.Debug|Any CPU.Build.0 = Debug|Any CPU
		{554A0A91-F3CD-4800-8A19-1575FB1CA8D1}.Debug|x64.ActiveCfg = Debug|Any CPU
		{554A0A91-F3CD-4800-8A19-1575FB1CA8D1}.Debug|x64.Build.0 = Debug|Any CPU
		{554A0A91-F3CD-4800-8A19-1575FB1CA8D1}.Debug|x86.ActiveCfg = Debug|Any CPU
		{554A0A91-F3CD-4800-8A19-1575FB1CA8D1}.Debug|x86.Build.0 = Debug|Any CPU
		{554A0A91-F3CD-4800-8A19-1575FB1CA8D1}.Release|Any CPU.ActiveCfg = Release|Any CPU
		{554A0A91-F3CD-4800-8A19-1575FB1CA8D1}.Release|Any CPU.Build.0 = Release|Any CPU
		{554A0A91-F3CD-4800-8A19-1575FB1CA8D1}.Release|x64.ActiveCfg = Release|Any CPU
		{554A0A91-F3CD-4800-8A19-1575FB1CA8D1}.Release|x64.Build.0 = Release|Any CPU
		{554A0A91-F3CD-4800-8A19-1575FB1CA8D1}.Release|x86.ActiveCfg = Release|Any CPU
		{554A0A91-F3CD-4800-8A19-1575FB1CA8D1}.Release|x86.Build.0 = Release|Any CPU
		{32EEAB9C-791A-4303-A675-A43324C35154}.Debug|Any CPU.ActiveCfg = Debug|Any CPU
		{32EEAB9C-791A-4303-A675-A43324C35154}.Debug|Any CPU.Build.0 = Debug|Any CPU
		{32EEAB9C-791A-4303-A675-A43324C35154}.Debug|x64.ActiveCfg = Debug|Any CPU
		{32EEAB9C-791A-4303-A675-A43324C35154}.Debug|x64.Build.0 = Debug|Any CPU
		{32EEAB9C-791A-4303-A675-A43324C35154}.Debug|x86.ActiveCfg = Debug|Any CPU
		{32EEAB9C-791A-4303-A675-A43324C35154}.Debug|x86.Build.0 = Debug|Any CPU
		{32EEAB9C-791A-4303-A675-A43324C35154}.Release|Any CPU.ActiveCfg = Release|Any CPU
		{32EEAB9C-791A-4303-A675-A43324C35154}.Release|Any CPU.Build.0 = Release|Any CPU
		{32EEAB9C-791A-4303-A675-A43324C35154}.Release|x64.ActiveCfg = Release|Any CPU
		{32EEAB9C-791A-4303-A675-A43324C35154}.Release|x64.Build.0 = Release|Any CPU
		{32EEAB9C-791A-4303-A675-A43324C35154}.Release|x86.ActiveCfg = Release|Any CPU
		{32EEAB9C-791A-4303-A675-A43324C35154}.Release|x86.Build.0 = Release|Any CPU
		{1F455AB4-0B8B-42E4-85F1-29984CB2C867}.Debug|Any CPU.ActiveCfg = Debug|Any CPU
		{1F455AB4-0B8B-42E4-85F1-29984CB2C867}.Debug|Any CPU.Build.0 = Debug|Any CPU
		{1F455AB4-0B8B-42E4-85F1-29984CB2C867}.Debug|x64.ActiveCfg = Debug|Any CPU
		{1F455AB4-0B8B-42E4-85F1-29984CB2C867}.Debug|x64.Build.0 = Debug|Any CPU
		{1F455AB4-0B8B-42E4-85F1-29984CB2C867}.Debug|x86.ActiveCfg = Debug|Any CPU
		{1F455AB4-0B8B-42E4-85F1-29984CB2C867}.Debug|x86.Build.0 = Debug|Any CPU
		{1F455AB4-0B8B-42E4-85F1-29984CB2C867}.Release|Any CPU.ActiveCfg = Release|Any CPU
		{1F455AB4-0B8B-42E4-85F1-29984CB2C867}.Release|Any CPU.Build.0 = Release|Any CPU
		{1F455AB4-0B8B-42E4-85F1-29984CB2C867}.Release|x64.ActiveCfg = Release|Any CPU
		{1F455AB4-0B8B-42E4-85F1-29984CB2C867}.Release|x64.Build.0 = Release|Any CPU
		{1F455AB4-0B8B-42E4-85F1-29984CB2C867}.Release|x86.ActiveCfg = Release|Any CPU
		{1F455AB4-0B8B-42E4-85F1-29984CB2C867}.Release|x86.Build.0 = Release|Any CPU
		{376FD53C-1F78-40ED-AE4B-5FD0FA1A1CB4}.Debug|Any CPU.ActiveCfg = Debug|Any CPU
		{376FD53C-1F78-40ED-AE4B-5FD0FA1A1CB4}.Debug|Any CPU.Build.0 = Debug|Any CPU
		{376FD53C-1F78-40ED-AE4B-5FD0FA1A1CB4}.Debug|x64.ActiveCfg = Debug|Any CPU
		{376FD53C-1F78-40ED-AE4B-5FD0FA1A1CB4}.Debug|x64.Build.0 = Debug|Any CPU
		{376FD53C-1F78-40ED-AE4B-5FD0FA1A1CB4}.Debug|x86.ActiveCfg = Debug|Any CPU
		{376FD53C-1F78-40ED-AE4B-5FD0FA1A1CB4}.Debug|x86.Build.0 = Debug|Any CPU
		{376FD53C-1F78-40ED-AE4B-5FD0FA1A1CB4}.Release|Any CPU.ActiveCfg = Release|Any CPU
		{376FD53C-1F78-40ED-AE4B-5FD0FA1A1CB4}.Release|Any CPU.Build.0 = Release|Any CPU
		{376FD53C-1F78-40ED-AE4B-5FD0FA1A1CB4}.Release|x64.ActiveCfg = Release|Any CPU
		{376FD53C-1F78-40ED-AE4B-5FD0FA1A1CB4}.Release|x64.Build.0 = Release|Any CPU
		{376FD53C-1F78-40ED-AE4B-5FD0FA1A1CB4}.Release|x86.ActiveCfg = Release|Any CPU
		{376FD53C-1F78-40ED-AE4B-5FD0FA1A1CB4}.Release|x86.Build.0 = Release|Any CPU
	EndGlobalSection
	GlobalSection(SolutionProperties) = preSolution
		HideSolutionNode = FALSE
	EndGlobalSection
EndGlobal
